
Microsoft Visual Studio Solution File, Format Version 12.00
# Visual Studio Version 17
VisualStudioVersion = 17.9.34607.119
MinimumVisualStudioVersion = 10.0.40219.1
Project("{9A19103F-16F7-4668-BE54-9A1E7A4F7556}") = "assignment_2_C#", "assignment_2_C#.csproj", "{C3191381-CDF7-42EF-B502-C82BFB8503D2}"
EndProject
Global
	GlobalSection(SolutionConfigurationPlatforms) = preSolution
		Debug|Any CPU = Debug|Any CPU
		Release|Any CPU = Release|Any CPU
	EndGlobalSection
	GlobalSection(ProjectConfigurationPlatforms) = postSolution
		{C3191381-CDF7-42EF-B502-C82BFB8503D2}.Debug|Any CPU.ActiveCfg = Debug|Any CPU
		{C3191381-CDF7-42EF-B502-C82BFB8503D2}.Debug|Any CPU.Build.0 = Debug|Any CPU
		{C3191381-CDF7-42EF-B502-C82BFB8503D2}.Release|Any CPU.ActiveCfg = Release|Any CPU
		{C3191381-CDF7-42EF-B502-C82BFB8503D2}.Release|Any CPU.Build.0 = Release|Any CPU
	EndGlobalSection
	GlobalSection(SolutionProperties) = preSolution
		HideSolutionNode = FALSE
	EndGlobalSection
	GlobalSection(ExtensibilityGlobals) = postSolution
		SolutionGuid = {5D526DD5-C832-419C-94C3-7E73FEDB2B65}
	EndGlobalSection
EndGlobal
